
Microsoft Visual Studio Solution File, Format Version 12.00
# Visual Studio Version 16
VisualStudioVersion = 16.0.31410.357
MinimumVisualStudioVersion = 10.0.40219.1
Project("{FAE04EC0-301F-11D3-BF4B-00C04F79EFBC}") = "BigSchool", "BigSchool.csproj", "{D0E3B60E-C26C-4322-9BB2-7FEED01B35EB}"
EndProject
Global
	GlobalSection(SolutionConfigurationPlatforms) = preSolution
		Debug|Any CPU = Debug|Any CPU
		Release|Any CPU = Release|Any CPU
	EndGlobalSection
	GlobalSection(ProjectConfigurationPlatforms) = postSolution
		{D0E3B60E-C26C-4322-9BB2-7FEED01B35EB}.Debug|Any CPU.ActiveCfg = Debug|Any CPU
		{D0E3B60E-C26C-4322-9BB2-7FEED01B35EB}.Debug|Any CPU.Build.0 = Debug|Any CPU
		{D0E3B60E-C26C-4322-9BB2-7FEED01B35EB}.Release|Any CPU.ActiveCfg = Release|Any CPU
		{D0E3B60E-C26C-4322-9BB2-7FEED01B35EB}.Release|Any CPU.Build.0 = Release|Any CPU
	EndGlobalSection
	GlobalSection(SolutionProperties) = preSolution
		HideSolutionNode = FALSE
	EndGlobalSection
	GlobalSection(ExtensibilityGlobals) = postSolution
		SolutionGuid = {89967471-42F5-47FD-BFAC-46B402B7410D}
	EndGlobalSection
EndGlobal
